
Microsoft Visual Studio Solution File, Format Version 12.00
# Visual Studio Version 16
VisualStudioVersion = 16.0.31005.135
MinimumVisualStudioVersion = 10.0.40219.1
Project("{FAE04EC0-301F-11D3-BF4B-00C04F79EFBC}") = "MainConsoleApp", "MainConsoleApp\MainConsoleApp.csproj", "{163BCDBA-FF80-412D-AE4F-D6CCA77C75A8}"
EndProject
Project("{FAE04EC0-301F-11D3-BF4B-00C04F79EFBC}") = "MainConsoleAppTests", "Tests\MainConsoleAppTests\MainConsoleAppTests.csproj", "{192EA8C9-C1D8-4D56-AD74-1308F575678C}"
EndProject
Project("{FAE04EC0-301F-11D3-BF4B-00C04F79EFBC}") = "DesignPatternCsharpAndNet_Nesteruk", "DesignPatternNesterik\DesignPatternCsharpAndNet_Nesteruk\DesignPatternCsharpAndNet_Nesteruk.csproj", "{14C82015-A281-4AA3-92B6-6D8FDF130FC7}"
EndProject
Global
	GlobalSection(SolutionConfigurationPlatforms) = preSolution
		Debug|Any CPU = Debug|Any CPU
		Release|Any CPU = Release|Any CPU
	EndGlobalSection
	GlobalSection(ProjectConfigurationPlatforms) = postSolution
		{163BCDBA-FF80-412D-AE4F-D6CCA77C75A8}.Debug|Any CPU.ActiveCfg = Debug|Any CPU
		{163BCDBA-FF80-412D-AE4F-D6CCA77C75A8}.Debug|Any CPU.Build.0 = Debug|Any CPU
		{163BCDBA-FF80-412D-AE4F-D6CCA77C75A8}.Release|Any CPU.ActiveCfg = Release|Any CPU
		{163BCDBA-FF80-412D-AE4F-D6CCA77C75A8}.Release|Any CPU.Build.0 = Release|Any CPU
		{192EA8C9-C1D8-4D56-AD74-1308F575678C}.Debug|Any CPU.ActiveCfg = Debug|Any CPU
		{192EA8C9-C1D8-4D56-AD74-1308F575678C}.Debug|Any CPU.Build.0 = Debug|Any CPU
		{192EA8C9-C1D8-4D56-AD74-1308F575678C}.Release|Any CPU.ActiveCfg = Release|Any CPU
		{192EA8C9-C1D8-4D56-AD74-1308F575678C}.Release|Any CPU.Build.0 = Release|Any CPU
		{14C82015-A281-4AA3-92B6-6D8FDF130FC7}.Debug|Any CPU.ActiveCfg = Debug|Any CPU
		{14C82015-A281-4AA3-92B6-6D8FDF130FC7}.Debug|Any CPU.Build.0 = Debug|Any CPU
		{14C82015-A281-4AA3-92B6-6D8FDF130FC7}.Release|Any CPU.ActiveCfg = Release|Any CPU
		{14C82015-A281-4AA3-92B6-6D8FDF130FC7}.Release|Any CPU.Build.0 = Release|Any CPU
	EndGlobalSection
	GlobalSection(SolutionProperties) = preSolution
		HideSolutionNode = FALSE
	EndGlobalSection
	GlobalSection(ExtensibilityGlobals) = postSolution
		SolutionGuid = {798DD967-6898-46CC-B527-EAF0EFDCBC44}
	EndGlobalSection
EndGlobal
